// !$*UTF8*$!
{
	archiveVersion = 1;
	classes = {
	};
	objectVersion = 46;
	objects = {

/* Begin PBXBuildFile section */
		98E2886716885F09001A312E /* PolygonView.m in Sources */ = {isa = PBXBuildFile; fileRef = 98E2886616885F09001A312E /* PolygonView.m */; };
		98F18CA516885114008A2022 /* UIKit.framework in Frameworks */ = {isa = PBXBuildFile; fileRef = 98F18CA416885114008A2022 /* UIKit.framework */; };
		98F18CA716885114008A2022 /* Foundation.framework in Frameworks */ = {isa = PBXBuildFile; fileRef = 98F18CA616885114008A2022 /* Foundation.framework */; };
		98F18CA916885114008A2022 /* CoreGraphics.framework in Frameworks */ = {isa = PBXBuildFile; fileRef = 98F18CA816885114008A2022 /* CoreGraphics.framework */; };
		98F18CAF16885114008A2022 /* InfoPlist.strings in Resources */ = {isa = PBXBuildFile; fileRef = 98F18CAD16885114008A2022 /* InfoPlist.strings */; };
		98F18CB116885114008A2022 /* main.m in Sources */ = {isa = PBXBuildFile; fileRef = 98F18CB016885114008A2022 /* main.m */; };
		98F18CB516885114008A2022 /* HPAppDelegate.m in Sources */ = {isa = PBXBuildFile; fileRef = 98F18CB416885114008A2022 /* HPAppDelegate.m */; };
		98F18CB816885114008A2022 /* HPViewController.m in Sources */ = {isa = PBXBuildFile; fileRef = 98F18CB716885114008A2022 /* HPViewController.m */; };
		98F18CBB16885114008A2022 /* HPViewController.xib in Resources */ = {isa = PBXBuildFile; fileRef = 98F18CB916885114008A2022 /* HPViewController.xib */; };
		98F18CC316885555008A2022 /* PolygonShape.m in Sources */ = {isa = PBXBuildFile; fileRef = 98F18CC216885555008A2022 /* PolygonShape.m */; };
/* End PBXBuildFile section */

/* Begin PBXFileReference section */
		98E2886516885F09001A312E /* PolygonView.h */ = {isa = PBXFileReference; fileEncoding = 4; lastKnownFileType = sourcecode.c.h; path = PolygonView.h; sourceTree = "<group>"; };
		98E2886616885F09001A312E /* PolygonView.m */ = {isa = PBXFileReference; fileEncoding = 4; lastKnownFileType = sourcecode.c.objc; path = PolygonView.m; sourceTree = "<group>"; };
		98F18CA016885114008A2022 /* HelloPoly.app */ = {isa = PBXFileReference; explicitFileType = wrapper.application; includeInIndex = 0; path = HelloPoly.app; sourceTree = BUILT_PRODUCTS_DIR; };
		98F18CA416885114008A2022 /* UIKit.framework */ = {isa = PBXFileReference; lastKnownFileType = wrapper.framework; name = UIKit.framework; path = System/Library/Frameworks/UIKit.framework; sourceTree = SDKROOT; };
		98F18CA616885114008A2022 /* Foundation.framework */ = {isa = PBXFileReference; lastKnownFileType = wrapper.framework; name = Foundation.framework; path = System/Library/Frameworks/Foundation.framework; sourceTree = SDKROOT; };
		98F18CA816885114008A2022 /* CoreGraphics.framework */ = {isa = PBXFileReference; lastKnownFileType = wrapper.framework; name = CoreGraphics.framework; path = System/Library/Frameworks/CoreGraphics.framework; sourceTree = SDKROOT; };
		98F18CAC16885114008A2022 /* HelloPoly-Info.plist */ = {isa = PBXFileReference; lastKnownFileType = text.plist.xml; path = "HelloPoly-Info.plist"; sourceTree = "<group>"; };
		98F18CAE16885114008A2022 /* en */ = {isa = PBXFileReference; lastKnownFileType = text.plist.strings; name = en; path = en.lproj/InfoPlist.strings; sourceTree = "<group>"; };
		98F18CB016885114008A2022 /* main.m */ = {isa = PBXFileReference; lastKnownFileType = sourcecode.c.objc; path = main.m; sourceTree = "<group>"; };
		98F18CB216885114008A2022 /* HelloPoly-Prefix.pch */ = {isa = PBXFileReference; lastKnownFileType = sourcecode.c.h; path = "HelloPoly-Prefix.pch"; sourceTree = "<group>"; };
		98F18CB316885114008A2022 /* HPAppDelegate.h */ = {isa = PBXFileReference; lastKnownFileType = sourcecode.c.h; path = HPAppDelegate.h; sourceTree = "<group>"; };
		98F18CB416885114008A2022 /* HPAppDelegate.m */ = {isa = PBXFileReference; lastKnownFileType = sourcecode.c.objc; path = HPAppDelegate.m; sourceTree = "<group>"; };
		98F18CB616885114008A2022 /* HPViewController.h */ = {isa = PBXFileReference; lastKnownFileType = sourcecode.c.h; path = HPViewController.h; sourceTree = "<group>"; };
		98F18CB716885114008A2022 /* HPViewController.m */ = {isa = PBXFileReference; lastKnownFileType = sourcecode.c.objc; path = HPViewController.m; sourceTree = "<group>"; };
		98F18CBA16885114008A2022 /* en */ = {isa = PBXFileReference; lastKnownFileType = file.xib; name = en; path = en.lproj/HPViewController.xib; sourceTree = "<group>"; };
		98F18CC116885555008A2022 /* PolygonShape.h */ = {isa = PBXFileReference; fileEncoding = 4; lastKnownFileType = sourcecode.c.h; path = PolygonShape.h; sourceTree = "<group>"; };
		98F18CC216885555008A2022 /* PolygonShape.m */ = {isa = PBXFileReference; fileEncoding = 4; lastKnownFileType = sourcecode.c.objc; path = PolygonShape.m; sourceTree = "<group>"; };
/* End PBXFileReference section */

/* Begin PBXFrameworksBuildPhase section */
		98F18C9D16885114008A2022 /* Frameworks */ = {
			isa = PBXFrameworksBuildPhase;
			buildActionMask = 2147483647;
			files = (
				98F18CA516885114008A2022 /* UIKit.framework in Frameworks */,
				98F18CA716885114008A2022 /* Foundation.framework in Frameworks */,
				98F18CA916885114008A2022 /* CoreGraphics.framework in Frameworks */,
			);
			runOnlyForDeploymentPostprocessing = 0;
		};
/* End PBXFrameworksBuildPhase section */

/* Begin PBXGroup section */
		98F18C9516885114008A2022 = {
			isa = PBXGroup;
			children = (
				98F18CAA16885114008A2022 /* HelloPoly */,
				98F18CA316885114008A2022 /* Frameworks */,
				98F18CA116885114008A2022 /* Products */,
			);
			sourceTree = "<group>";
		};
		98F18CA116885114008A2022 /* Products */ = {
			isa = PBXGroup;
			children = (
				98F18CA016885114008A2022 /* HelloPoly.app */,
			);
			name = Products;
			sourceTree = "<group>";
		};
		98F18CA316885114008A2022 /* Frameworks */ = {
			isa = PBXGroup;
			children = (
				98F18CA416885114008A2022 /* UIKit.framework */,
				98F18CA616885114008A2022 /* Foundation.framework */,
				98F18CA816885114008A2022 /* CoreGraphics.framework */,
			);
			name = Frameworks;
			sourceTree = "<group>";
		};
		98F18CAA16885114008A2022 /* HelloPoly */ = {
			isa = PBXGroup;
			children = (
				98F18CB316885114008A2022 /* HPAppDelegate.h */,
				98F18CB416885114008A2022 /* HPAppDelegate.m */,
				98F18CB616885114008A2022 /* HPViewController.h */,
				98F18CB716885114008A2022 /* HPViewController.m */,
				98F18CB916885114008A2022 /* HPViewController.xib */,
				98E2886516885F09001A312E /* PolygonView.h */,
				98E2886616885F09001A312E /* PolygonView.m */,
				98F18CC116885555008A2022 /* PolygonShape.h */,
				98F18CC216885555008A2022 /* PolygonShape.m */,
				98F18CAB16885114008A2022 /* Supporting Files */,
			);
			path = HelloPoly;
			sourceTree = "<group>";
		};
		98F18CAB16885114008A2022 /* Supporting Files */ = {
			isa = PBXGroup;
			children = (
				98F18CAC16885114008A2022 /* HelloPoly-Info.plist */,
				98F18CAD16885114008A2022 /* InfoPlist.strings */,
				98F18CB016885114008A2022 /* main.m */,
				98F18CB216885114008A2022 /* HelloPoly-Prefix.pch */,
			);
			name = "Supporting Files";
			sourceTree = "<group>";
		};
/* End PBXGroup section */

/* Begin PBXNativeTarget section */
		98F18C9F16885114008A2022 /* HelloPoly */ = {
			isa = PBXNativeTarget;
			buildConfigurationList = 98F18CBE16885114008A2022 /* Build configuration list for PBXNativeTarget "HelloPoly" */;
			buildPhases = (
				98F18C9C16885114008A2022 /* Sources */,
				98F18C9D16885114008A2022 /* Frameworks */,
				98F18C9E16885114008A2022 /* Resources */,
			);
			buildRules = (
			);
			dependencies = (
			);
			name = HelloPoly;
			productName = HelloPoly;
			productReference = 98F18CA016885114008A2022 /* HelloPoly.app */;
			productType = "com.apple.product-type.application";
		};
/* End PBXNativeTarget section */

/* Begin PBXProject section */
		98F18C9716885114008A2022 /* Project object */ = {
			isa = PBXProject;
			attributes = {
				LastUpgradeCheck = 0420;
			};
			buildConfigurationList = 98F18C9A16885114008A2022 /* Build configuration list for PBXProject "HelloPoly" */;
			compatibilityVersion = "Xcode 3.2";
			developmentRegion = English;
			hasScannedForEncodings = 0;
			knownRegions = (
				en,
			);
			mainGroup = 98F18C9516885114008A2022;
			productRefGroup = 98F18CA116885114008A2022 /* Products */;
			projectDirPath = "";
			projectRoot = "";
			targets = (
				98F18C9F16885114008A2022 /* HelloPoly */,
			);
		};
/* End PBXProject section */

/* Begin PBXResourcesBuildPhase section */
		98F18C9E16885114008A2022 /* Resources */ = {
			isa = PBXResourcesBuildPhase;
			buildActionMask = 2147483647;
			files = (
				98F18CAF16885114008A2022 /* InfoPlist.strings in Resources */,
				98F18CBB16885114008A2022 /* HPViewController.xib in Resources */,
			);
			runOnlyForDeploymentPostprocessing = 0;
		};
/* End PBXResourcesBuildPhase section */

/* Begin PBXSourcesBuildPhase section */
		98F18C9C16885114008A2022 /* Sources */ = {
			isa = PBXSourcesBuildPhase;
			buildActionMask = 2147483647;
			files = (
				98F18CB116885114008A2022 /* main.m in Sources */,
				98F18CB516885114008A2022 /* HPAppDelegate.m in Sources */,
				98F18CB816885114008A2022 /* HPViewController.m in Sources */,
				98F18CC316885555008A2022 /* PolygonShape.m in Sources */,
				98E2886716885F09001A312E /* PolygonView.m in Sources */,
			);
			runOnlyForDeploymentPostprocessing = 0;
		};
/* End PBXSourcesBuildPhase section */

/* Begin PBXVariantGroup section */
		98F18CAD16885114008A2022 /* InfoPlist.strings */ = {
			isa = PBXVariantGroup;
			children = (
				98F18CAE16885114008A2022 /* en */,
			);
			name = InfoPlist.strings;
			sourceTree = "<group>";
		};
		98F18CB916885114008A2022 /* HPViewController.xib */ = {
			isa = PBXVariantGroup;
			children = (
				98F18CBA16885114008A2022 /* en */,
			);
			name = HPViewController.xib;
			sourceTree = "<group>";
		};
/* End PBXVariantGroup section */

/* Begin XCBuildConfiguration section */
		98F18CBC16885114008A2022 /* Debug */ = {
			isa = XCBuildConfiguration;
			buildSettings = {
				ALWAYS_SEARCH_USER_PATHS = NO;
				ARCHS = "$(ARCHS_STANDARD_32_BIT)";
				"CODE_SIGN_IDENTITY[sdk=iphoneos*]" = "iPhone Developer";
				COPY_PHASE_STRIP = NO;
				GCC_C_LANGUAGE_STANDARD = gnu99;
				GCC_DYNAMIC_NO_PIC = NO;
				GCC_OPTIMIZATION_LEVEL = 0;
				GCC_PREPROCESSOR_DEFINITIONS = (
					"DEBUG=1",
					"$(inherited)",
				);
				GCC_SYMBOLS_PRIVATE_EXTERN = NO;
				GCC_VERSION = com.apple.compilers.llvm.clang.1_0;
				GCC_WARN_ABOUT_MISSING_PROTOTYPES = YES;
				GCC_WARN_ABOUT_RETURN_TYPE = YES;
				GCC_WARN_UNUSED_VARIABLE = YES;
				IPHONEOS_DEPLOYMENT_TARGET = 5.0;
				SDKROOT = iphoneos;
			};
			name = Debug;
		};
		98F18CBD16885114008A2022 /* Release */ = {
			isa = XCBuildConfiguration;
			buildSettings = {
				ALWAYS_SEARCH_USER_PATHS = NO;
				ARCHS = "$(ARCHS_STANDARD_32_BIT)";
				"CODE_SIGN_IDENTITY[sdk=iphoneos*]" = "iPhone Developer";
				COPY_PHASE_STRIP = YES;
				GCC_C_LANGUAGE_STANDARD = gnu99;
				GCC_VERSION = com.apple.compilers.llvm.clang.1_0;
				GCC_WARN_ABOUT_MISSING_PROTOTYPES = YES;
				GCC_WARN_ABOUT_RETURN_TYPE = YES;
				GCC_WARN_UNUSED_VARIABLE = YES;
				IPHONEOS_DEPLOYMENT_TARGET = 5.0;
				OTHER_CFLAGS = "-DNS_BLOCK_ASSERTIONS=1";
				SDKROOT = iphoneos;
				VALIDATE_PRODUCT = YES;
			};
			name = Release;
		};
		98F18CBF16885114008A2022 /* Debug */ = {
			isa = XCBuildConfiguration;
			buildSettings = {
				GCC_PRECOMPILE_PREFIX_HEADER = YES;
				GCC_PREFIX_HEADER = "HelloPoly/HelloPoly-Prefix.pch";
				INFOPLIST_FILE = "HelloPoly/HelloPoly-Info.plist";
				PRODUCT_NAME = "$(TARGET_NAME)";
				WRAPPER_EXTENSION = app;
			};
			name = Debug;
		};
		98F18CC016885114008A2022 /* Release */ = {
			isa = XCBuildConfiguration;
			buildSettings = {
				GCC_PRECOMPILE_PREFIX_HEADER = YES;
				GCC_PREFIX_HEADER = "HelloPoly/HelloPoly-Prefix.pch";
				INFOPLIST_FILE = "HelloPoly/HelloPoly-Info.plist";
				PRODUCT_NAME = "$(TARGET_NAME)";
				WRAPPER_EXTENSION = app;
			};
			name = Release;
		};
/* End XCBuildConfiguration section */

/* Begin XCConfigurationList section */
		98F18C9A16885114008A2022 /* Build configuration list for PBXProject "HelloPoly" */ = {
			isa = XCConfigurationList;
			buildConfigurations = (
				98F18CBC16885114008A2022 /* Debug */,
				98F18CBD16885114008A2022 /* Release */,
			);
			defaultConfigurationIsVisible = 0;
			defaultConfigurationName = Release;
		};
		98F18CBE16885114008A2022 /* Build configuration list for PBXNativeTarget "HelloPoly" */ = {
			isa = XCConfigurationList;
			buildConfigurations = (
				98F18CBF16885114008A2022 /* Debug */,
				98F18CC016885114008A2022 /* Release */,
			);
			defaultConfigurationIsVisible = 0;
			defaultConfigurationName = Release;
		};
/* End XCConfigurationList section */
	};
	rootObject = 98F18C9716885114008A2022 /* Project object */;
}
